// !$*UTF8*$!
{
	archiveVersion = 1;
	classes = {
	};
	objectVersion = 46;
	objects = {

/* Begin PBXBuildFile section */
		099C577B1A95442E0075B4D1 /* main.m in Sources */ = {isa = PBXBuildFile; fileRef = 099C577A1A95442E0075B4D1 /* main.m */; };
		099C577E1A95442E0075B4D1 /* UMNAppDelegate.m in Sources */ = {isa = PBXBuildFile; fileRef = 099C577D1A95442E0075B4D1 /* UMNAppDelegate.m */; };
		099C57811A95442E0075B4D1 /* UMNViewController.m in Sources */ = {isa = PBXBuildFile; fileRef = 099C57801A95442E0075B4D1 /* UMNViewController.m */; };
		099C57841A95442E0075B4D1 /* Main.storyboard in Resources */ = {isa = PBXBuildFile; fileRef = 099C57821A95442E0075B4D1 /* Main.storyboard */; };
		099C57861A95442E0075B4D1 /* Images.xcassets in Resources */ = {isa = PBXBuildFile; fileRef = 099C57851A95442E0075B4D1 /* Images.xcassets */; };
		099C57891A95442E0075B4D1 /* LaunchScreen.xib in Resources */ = {isa = PBXBuildFile; fileRef = 099C57871A95442E0075B4D1 /* LaunchScreen.xib */; };
		099C57951A95442E0075B4D1 /* UmanTests.m in Sources */ = {isa = PBXBuildFile; fileRef = 099C57941A95442E0075B4D1 /* UmanTests.m */; };
		099C57A11A9659FB0075B4D1 /* Images.xcassets in Resources */ = {isa = PBXBuildFile; fileRef = 099C57A01A9659FB0075B4D1 /* Images.xcassets */; };
		099C57A41A965DD40075B4D1 /* UMNStartViewController.m in Sources */ = {isa = PBXBuildFile; fileRef = 099C57A31A965DD40075B4D1 /* UMNStartViewController.m */; };
/* End PBXBuildFile section */

/* Begin PBXContainerItemProxy section */
		099C578F1A95442E0075B4D1 /* PBXContainerItemProxy */ = {
			isa = PBXContainerItemProxy;
			containerPortal = 099C576D1A95442E0075B4D1 /* Project object */;
			proxyType = 1;
			remoteGlobalIDString = 099C57741A95442E0075B4D1;
			remoteInfo = Uman;
		};
/* End PBXContainerItemProxy section */

/* Begin PBXFileReference section */
		099C57751A95442E0075B4D1 /* Uman.app */ = {isa = PBXFileReference; explicitFileType = wrapper.application; includeInIndex = 0; path = Uman.app; sourceTree = BUILT_PRODUCTS_DIR; };
		099C57791A95442E0075B4D1 /* Info.plist */ = {isa = PBXFileReference; lastKnownFileType = text.plist.xml; path = Info.plist; sourceTree = "<group>"; };
		099C577A1A95442E0075B4D1 /* main.m */ = {isa = PBXFileReference; lastKnownFileType = sourcecode.c.objc; path = main.m; sourceTree = "<group>"; };
		099C577C1A95442E0075B4D1 /* UMNAppDelegate.h */ = {isa = PBXFileReference; lastKnownFileType = sourcecode.c.h; path = UMNAppDelegate.h; sourceTree = "<group>"; };
		099C577D1A95442E0075B4D1 /* UMNAppDelegate.m */ = {isa = PBXFileReference; lastKnownFileType = sourcecode.c.objc; path = UMNAppDelegate.m; sourceTree = "<group>"; };
		099C577F1A95442E0075B4D1 /* UMNViewController.h */ = {isa = PBXFileReference; lastKnownFileType = sourcecode.c.h; path = UMNViewController.h; sourceTree = "<group>"; };
		099C57801A95442E0075B4D1 /* UMNViewController.m */ = {isa = PBXFileReference; lastKnownFileType = sourcecode.c.objc; path = UMNViewController.m; sourceTree = "<group>"; };
		099C57831A95442E0075B4D1 /* Base */ = {isa = PBXFileReference; lastKnownFileType = file.storyboard; name = Base; path = Base.lproj/Main.storyboard; sourceTree = "<group>"; };
		099C57851A95442E0075B4D1 /* Images.xcassets */ = {isa = PBXFileReference; lastKnownFileType = folder.assetcatalog; path = Images.xcassets; sourceTree = "<group>"; };
		099C57881A95442E0075B4D1 /* Base */ = {isa = PBXFileReference; lastKnownFileType = file.xib; name = Base; path = Base.lproj/LaunchScreen.xib; sourceTree = "<group>"; };
		099C578E1A95442E0075B4D1 /* UmanTests.xctest */ = {isa = PBXFileReference; explicitFileType = wrapper.cfbundle; includeInIndex = 0; path = UmanTests.xctest; sourceTree = BUILT_PRODUCTS_DIR; };
		099C57931A95442E0075B4D1 /* Info.plist */ = {isa = PBXFileReference; lastKnownFileType = text.plist.xml; path = Info.plist; sourceTree = "<group>"; };
		099C57941A95442E0075B4D1 /* UmanTests.m */ = {isa = PBXFileReference; lastKnownFileType = sourcecode.c.objc; path = UmanTests.m; sourceTree = "<group>"; };
		099C57A01A9659FB0075B4D1 /* Images.xcassets */ = {isa = PBXFileReference; lastKnownFileType = folder.assetcatalog; path = Images.xcassets; sourceTree = "<group>"; };
		099C57A21A965DD40075B4D1 /* UMNStartViewController.h */ = {isa = PBXFileReference; fileEncoding = 4; lastKnownFileType = sourcecode.c.h; path = UMNStartViewController.h; sourceTree = "<group>"; };
		099C57A31A965DD40075B4D1 /* UMNStartViewController.m */ = {isa = PBXFileReference; fileEncoding = 4; lastKnownFileType = sourcecode.c.objc; path = UMNStartViewController.m; sourceTree = "<group>"; };
/* End PBXFileReference section */

/* Begin PBXFrameworksBuildPhase section */
		099C57721A95442E0075B4D1 /* Frameworks */ = {
			isa = PBXFrameworksBuildPhase;
			buildActionMask = 2147483647;
			files = (
			);
			runOnlyForDeploymentPostprocessing = 0;
		};
		099C578B1A95442E0075B4D1 /* Frameworks */ = {
			isa = PBXFrameworksBuildPhase;
			buildActionMask = 2147483647;
			files = (
			);
			runOnlyForDeploymentPostprocessing = 0;
		};
/* End PBXFrameworksBuildPhase section */

/* Begin PBXGroup section */
		099C576C1A95442E0075B4D1 = {
			isa = PBXGroup;
			children = (
				099C579F1A9659470075B4D1 /* Resources */,
				099C57771A95442E0075B4D1 /* Uman */,
				099C57911A95442E0075B4D1 /* UmanTests */,
				099C57761A95442E0075B4D1 /* Products */,
			);
			sourceTree = "<group>";
		};
		099C57761A95442E0075B4D1 /* Products */ = {
			isa = PBXGroup;
			children = (
				099C57751A95442E0075B4D1 /* Uman.app */,
				099C578E1A95442E0075B4D1 /* UmanTests.xctest */,
			);
			name = Products;
			sourceTree = "<group>";
		};
		099C57771A95442E0075B4D1 /* Uman */ = {
			isa = PBXGroup;
			children = (
				099C577C1A95442E0075B4D1 /* UMNAppDelegate.h */,
				099C577D1A95442E0075B4D1 /* UMNAppDelegate.m */,
				099C577F1A95442E0075B4D1 /* UMNViewController.h */,
				099C57801A95442E0075B4D1 /* UMNViewController.m */,
				099C57821A95442E0075B4D1 /* Main.storyboard */,
				099C57A21A965DD40075B4D1 /* UMNStartViewController.h */,
				099C57A31A965DD40075B4D1 /* UMNStartViewController.m */,
				099C57851A95442E0075B4D1 /* Images.xcassets */,
				099C57871A95442E0075B4D1 /* LaunchScreen.xib */,
				099C57781A95442E0075B4D1 /* Supporting Files */,
			);
			path = Uman;
			sourceTree = "<group>";
		};
		099C57781A95442E0075B4D1 /* Supporting Files */ = {
			isa = PBXGroup;
			children = (
				099C57791A95442E0075B4D1 /* Info.plist */,
				099C577A1A95442E0075B4D1 /* main.m */,
			);
			name = "Supporting Files";
			sourceTree = "<group>";
		};
		099C57911A95442E0075B4D1 /* UmanTests */ = {
			isa = PBXGroup;
			children = (
				099C57941A95442E0075B4D1 /* UmanTests.m */,
				099C57921A95442E0075B4D1 /* Supporting Files */,
			);
			path = UmanTests;
			sourceTree = "<group>";
		};
		099C57921A95442E0075B4D1 /* Supporting Files */ = {
			isa = PBXGroup;
			children = (
				099C57931A95442E0075B4D1 /* Info.plist */,
			);
			name = "Supporting Files";
			sourceTree = "<group>";
		};
		099C579F1A9659470075B4D1 /* Resources */ = {
			isa = PBXGroup;
			children = (
				099C57A01A9659FB0075B4D1 /* Images.xcassets */,
			);
			name = Resources;
			sourceTree = "<group>";
		};
/* End PBXGroup section */

/* Begin PBXNativeTarget section */
		099C57741A95442E0075B4D1 /* Uman */ = {
			isa = PBXNativeTarget;
			buildConfigurationList = 099C57981A95442E0075B4D1 /* Build configuration list for PBXNativeTarget "Uman" */;
			buildPhases = (
				099C57711A95442E0075B4D1 /* Sources */,
				099C57721A95442E0075B4D1 /* Frameworks */,
				099C57731A95442E0075B4D1 /* Resources */,
			);
			buildRules = (
			);
			dependencies = (
			);
			name = Uman;
			productName = Uman;
			productReference = 099C57751A95442E0075B4D1 /* Uman.app */;
			productType = "com.apple.product-type.application";
		};
		099C578D1A95442E0075B4D1 /* UmanTests */ = {
			isa = PBXNativeTarget;
			buildConfigurationList = 099C579B1A95442E0075B4D1 /* Build configuration list for PBXNativeTarget "UmanTests" */;
			buildPhases = (
				099C578A1A95442E0075B4D1 /* Sources */,
				099C578B1A95442E0075B4D1 /* Frameworks */,
				099C578C1A95442E0075B4D1 /* Resources */,
			);
			buildRules = (
			);
			dependencies = (
				099C57901A95442E0075B4D1 /* PBXTargetDependency */,
			);
			name = UmanTests;
			productName = UmanTests;
			productReference = 099C578E1A95442E0075B4D1 /* UmanTests.xctest */;
			productType = "com.apple.product-type.bundle.unit-test";
		};
/* End PBXNativeTarget section */

/* Begin PBXProject section */
		099C576D1A95442E0075B4D1 /* Project object */ = {
			isa = PBXProject;
			attributes = {
				LastUpgradeCheck = 0610;
				ORGANIZATIONNAME = "Cyrille Briere";
				TargetAttributes = {
					099C57741A95442E0075B4D1 = {
						CreatedOnToolsVersion = 6.1.1;
						DevelopmentTeam = GF3BVQ746L;
					};
					099C578D1A95442E0075B4D1 = {
						CreatedOnToolsVersion = 6.1.1;
						TestTargetID = 099C57741A95442E0075B4D1;
					};
				};
			};
			buildConfigurationList = 099C57701A95442E0075B4D1 /* Build configuration list for PBXProject "Uman" */;
			compatibilityVersion = "Xcode 3.2";
			developmentRegion = English;
			hasScannedForEncodings = 0;
			knownRegions = (
				en,
				Base,
			);
			mainGroup = 099C576C1A95442E0075B4D1;
			productRefGroup = 099C57761A95442E0075B4D1 /* Products */;
			projectDirPath = "";
			projectRoot = "";
			targets = (
				099C57741A95442E0075B4D1 /* Uman */,
				099C578D1A95442E0075B4D1 /* UmanTests */,
			);
		};
/* End PBXProject section */

/* Begin PBXResourcesBuildPhase section */
		099C57731A95442E0075B4D1 /* Resources */ = {
			isa = PBXResourcesBuildPhase;
			buildActionMask = 2147483647;
			files = (
				099C57841A95442E0075B4D1 /* Main.storyboard in Resources */,
				099C57A11A9659FB0075B4D1 /* Images.xcassets in Resources */,
				099C57891A95442E0075B4D1 /* LaunchScreen.xib in Resources */,
				099C57861A95442E0075B4D1 /* Images.xcassets in Resources */,
			);
			runOnlyForDeploymentPostprocessing = 0;
		};
		099C578C1A95442E0075B4D1 /* Resources */ = {
			isa = PBXResourcesBuildPhase;
			buildActionMask = 2147483647;
			files = (
			);
			runOnlyForDeploymentPostprocessing = 0;
		};
/* End PBXResourcesBuildPhase section */

/* Begin PBXSourcesBuildPhase section */
		099C57711A95442E0075B4D1 /* Sources */ = {
			isa = PBXSourcesBuildPhase;
			buildActionMask = 2147483647;
			files = (
				099C57A41A965DD40075B4D1 /* UMNStartViewController.m in Sources */,
				099C57811A95442E0075B4D1 /* UMNViewController.m in Sources */,
				099C577E1A95442E0075B4D1 /* UMNAppDelegate.m in Sources */,
				099C577B1A95442E0075B4D1 /* main.m in Sources */,
			);
			runOnlyForDeploymentPostprocessing = 0;
		};
		099C578A1A95442E0075B4D1 /* Sources */ = {
			isa = PBXSourcesBuildPhase;
			buildActionMask = 2147483647;
			files = (
				099C57951A95442E0075B4D1 /* UmanTests.m in Sources */,
			);
			runOnlyForDeploymentPostprocessing = 0;
		};
/* End PBXSourcesBuildPhase section */

/* Begin PBXTargetDependency section */
		099C57901A95442E0075B4D1 /* PBXTargetDependency */ = {
			isa = PBXTargetDependency;
			target = 099C57741A95442E0075B4D1 /* Uman */;
			targetProxy = 099C578F1A95442E0075B4D1 /* PBXContainerItemProxy */;
		};
/* End PBXTargetDependency section */

/* Begin PBXVariantGroup section */
		099C57821A95442E0075B4D1 /* Main.storyboard */ = {
			isa = PBXVariantGroup;
			children = (
				099C57831A95442E0075B4D1 /* Base */,
			);
			name = Main.storyboard;
			sourceTree = "<group>";
		};
		099C57871A95442E0075B4D1 /* LaunchScreen.xib */ = {
			isa = PBXVariantGroup;
			children = (
				099C57881A95442E0075B4D1 /* Base */,
			);
			name = LaunchScreen.xib;
			sourceTree = "<group>";
		};
/* End PBXVariantGroup section */

/* Begin XCBuildConfiguration section */
		099C57961A95442E0075B4D1 /* Debug */ = {
			isa = XCBuildConfiguration;
			buildSettings = {
				ALWAYS_SEARCH_USER_PATHS = NO;
				CLANG_CXX_LANGUAGE_STANDARD = "gnu++0x";
				CLANG_CXX_LIBRARY = "libc++";
				CLANG_ENABLE_MODULES = YES;
				CLANG_ENABLE_OBJC_ARC = YES;
				CLANG_WARN_BOOL_CONVERSION = YES;
				CLANG_WARN_CONSTANT_CONVERSION = YES;
				CLANG_WARN_DIRECT_OBJC_ISA_USAGE = YES_ERROR;
				CLANG_WARN_EMPTY_BODY = YES;
				CLANG_WARN_ENUM_CONVERSION = YES;
				CLANG_WARN_INT_CONVERSION = YES;
				CLANG_WARN_OBJC_ROOT_CLASS = YES_ERROR;
				CLANG_WARN_UNREACHABLE_CODE = YES;
				CLANG_WARN__DUPLICATE_METHOD_MATCH = YES;
				"CODE_SIGN_IDENTITY[sdk=iphoneos*]" = "iPhone Developer";
				COPY_PHASE_STRIP = NO;
				ENABLE_STRICT_OBJC_MSGSEND = YES;
				GCC_C_LANGUAGE_STANDARD = gnu99;
				GCC_DYNAMIC_NO_PIC = NO;
				GCC_OPTIMIZATION_LEVEL = 0;
				GCC_PREPROCESSOR_DEFINITIONS = (
					"DEBUG=1",
					"$(inherited)",
				);
				GCC_SYMBOLS_PRIVATE_EXTERN = NO;
				GCC_WARN_64_TO_32_BIT_CONVERSION = YES;
				GCC_WARN_ABOUT_RETURN_TYPE = YES_ERROR;
				GCC_WARN_UNDECLARED_SELECTOR = YES;
				GCC_WARN_UNINITIALIZED_AUTOS = YES_AGGRESSIVE;
				GCC_WARN_UNUSED_FUNCTION = YES;
				GCC_WARN_UNUSED_VARIABLE = YES;
				IPHONEOS_DEPLOYMENT_TARGET = 8.1;
				MTL_ENABLE_DEBUG_INFO = YES;
				ONLY_ACTIVE_ARCH = YES;
				SDKROOT = iphoneos;
			};
			name = Debug;
		};
		099C57971A95442E0075B4D1 /* Release */ = {
			isa = XCBuildConfiguration;
			buildSettings = {
				ALWAYS_SEARCH_USER_PATHS = NO;
				CLANG_CXX_LANGUAGE_STANDARD = "gnu++0x";
				CLANG_CXX_LIBRARY = "libc++";
				CLANG_ENABLE_MODULES = YES;
				CLANG_ENABLE_OBJC_ARC = YES;
				CLANG_WARN_BOOL_CONVERSION = YES;
				CLANG_WARN_CONSTANT_CONVERSION = YES;
				CLANG_WARN_DIRECT_OBJC_ISA_USAGE = YES_ERROR;
				CLANG_WARN_EMPTY_BODY = YES;
				CLANG_WARN_ENUM_CONVERSION = YES;
				CLANG_WARN_INT_CONVERSION = YES;
				CLANG_WARN_OBJC_ROOT_CLASS = YES_ERROR;
				CLANG_WARN_UNREACHABLE_CODE = YES;
				CLANG_WARN__DUPLICATE_METHOD_MATCH = YES;
				"CODE_SIGN_IDENTITY[sdk=iphoneos*]" = "iPhone Developer";
				COPY_PHASE_STRIP = YES;
				ENABLE_NS_ASSERTIONS = NO;
				ENABLE_STRICT_OBJC_MSGSEND = YES;
				GCC_C_LANGUAGE_STANDARD = gnu99;
				GCC_WARN_64_TO_32_BIT_CONVERSION = YES;
				GCC_WARN_ABOUT_RETURN_TYPE = YES_ERROR;
				GCC_WARN_UNDECLARED_SELECTOR = YES;
				GCC_WARN_UNINITIALIZED_AUTOS = YES_AGGRESSIVE;
				GCC_WARN_UNUSED_FUNCTION = YES;
				GCC_WARN_UNUSED_VARIABLE = YES;
				IPHONEOS_DEPLOYMENT_TARGET = 8.1;
				MTL_ENABLE_DEBUG_INFO = NO;
				SDKROOT = iphoneos;
				VALIDATE_PRODUCT = YES;
			};
			name = Release;
		};
		099C57991A95442E0075B4D1 /* Debug */ = {
			isa = XCBuildConfiguration;
			buildSettings = {
				ASSETCATALOG_COMPILER_APPICON_NAME = AppIcon;
				CODE_SIGN_IDENTITY = "iPhone Developer";
				INFOPLIST_FILE = Uman/Info.plist;
				LD_RUNPATH_SEARCH_PATHS = "$(inherited) @executable_path/Frameworks";
				PRODUCT_NAME = "$(TARGET_NAME)";
				TARGETED_DEVICE_FAMILY = 1;
			};
			name = Debug;
		};
		099C579A1A95442E0075B4D1 /* Release */ = {
			isa = XCBuildConfiguration;
			buildSettings = {
				ASSETCATALOG_COMPILER_APPICON_NAME = AppIcon;
				CODE_SIGN_IDENTITY = "iPhone Developer";
				INFOPLIST_FILE = Uman/Info.plist;
				LD_RUNPATH_SEARCH_PATHS = "$(inherited) @executable_path/Frameworks";
				PRODUCT_NAME = "$(TARGET_NAME)";
				TARGETED_DEVICE_FAMILY = 1;
			};
			name = Release;
		};
		099C579C1A95442E0075B4D1 /* Debug */ = {
			isa = XCBuildConfiguration;
			buildSettings = {
				BUNDLE_LOADER = "$(TEST_HOST)";
				FRAMEWORK_SEARCH_PATHS = (
					"$(SDKROOT)/Developer/Library/Frameworks",
					"$(inherited)",
				);
				GCC_PREPROCESSOR_DEFINITIONS = (
					"DEBUG=1",
					"$(inherited)",
				);
				INFOPLIST_FILE = UmanTests/Info.plist;
				LD_RUNPATH_SEARCH_PATHS = "$(inherited) @executable_path/Frameworks @loader_path/Frameworks";
				PRODUCT_NAME = "$(TARGET_NAME)";
				TEST_HOST = "$(BUILT_PRODUCTS_DIR)/Uman.app/Uman";
			};
			name = Debug;
		};
		099C579D1A95442E0075B4D1 /* Release */ = {
			isa = XCBuildConfiguration;
			buildSettings = {
				BUNDLE_LOADER = "$(TEST_HOST)";
				FRAMEWORK_SEARCH_PATHS = (
					"$(SDKROOT)/Developer/Library/Frameworks",
					"$(inherited)",
				);
				INFOPLIST_FILE = UmanTests/Info.plist;
				LD_RUNPATH_SEARCH_PATHS = "$(inherited) @executable_path/Frameworks @loader_path/Frameworks";
				PRODUCT_NAME = "$(TARGET_NAME)";
				TEST_HOST = "$(BUILT_PRODUCTS_DIR)/Uman.app/Uman";
			};
			name = Release;
		};
/* End XCBuildConfiguration section */

/* Begin XCConfigurationList section */
		099C57701A95442E0075B4D1 /* Build configuration list for PBXProject "Uman" */ = {
			isa = XCConfigurationList;
			buildConfigurations = (
				099C57961A95442E0075B4D1 /* Debug */,
				099C57971A95442E0075B4D1 /* Release */,
			);
			defaultConfigurationIsVisible = 0;
			defaultConfigurationName = Release;
		};
		099C57981A95442E0075B4D1 /* Build configuration list for PBXNativeTarget "Uman" */ = {
			isa = XCConfigurationList;
			buildConfigurations = (
				099C57991A95442E0075B4D1 /* Debug */,
				099C579A1A95442E0075B4D1 /* Release */,
			);
			defaultConfigurationIsVisible = 0;
			defaultConfigurationName = Release;
		};
		099C579B1A95442E0075B4D1 /* Build configuration list for PBXNativeTarget "UmanTests" */ = {
			isa = XCConfigurationList;
			buildConfigurations = (
				099C579C1A95442E0075B4D1 /* Debug */,
				099C579D1A95442E0075B4D1 /* Release */,
			);
			defaultConfigurationIsVisible = 0;
			defaultConfigurationName = Release;
		};
/* End XCConfigurationList section */
	};
	rootObject = 099C576D1A95442E0075B4D1 /* Project object */;
}
