// !$*UTF8*$!
{
	archiveVersion = 1;
	classes = {
	};
	objectVersion = 46;
	objects = {

/* Begin PBXBuildFile section */
		092E4BBE1AB3400400315914 /* UMNGame.m in Sources */ = {isa = PBXBuildFile; fileRef = 092E4BBD1AB3400400315914 /* UMNGame.m */; };
		099C577B1A95442E0075B4D1 /* main.m in Sources */ = {isa = PBXBuildFile; fileRef = 099C577A1A95442E0075B4D1 /* main.m */; };
		099C577E1A95442E0075B4D1 /* UMNAppDelegate.m in Sources */ = {isa = PBXBuildFile; fileRef = 099C577D1A95442E0075B4D1 /* UMNAppDelegate.m */; };
		099C57811A95442E0075B4D1 /* UMNViewController.m in Sources */ = {isa = PBXBuildFile; fileRef = 099C57801A95442E0075B4D1 /* UMNViewController.m */; };
		099C57841A95442E0075B4D1 /* Main.storyboard in Resources */ = {isa = PBXBuildFile; fileRef = 099C57821A95442E0075B4D1 /* Main.storyboard */; };
		099C57861A95442E0075B4D1 /* Images.xcassets in Resources */ = {isa = PBXBuildFile; fileRef = 099C57851A95442E0075B4D1 /* Images.xcassets */; };
		099C57891A95442E0075B4D1 /* LaunchScreen.xib in Resources */ = {isa = PBXBuildFile; fileRef = 099C57871A95442E0075B4D1 /* LaunchScreen.xib */; };
		099C57951A95442E0075B4D1 /* UmanTests.m in Sources */ = {isa = PBXBuildFile; fileRef = 099C57941A95442E0075B4D1 /* UmanTests.m */; };
		099C57A11A9659FB0075B4D1 /* Images.xcassets in Resources */ = {isa = PBXBuildFile; fileRef = 099C57A01A9659FB0075B4D1 /* Images.xcassets */; };
		099C57A41A965DD40075B4D1 /* UMNStartViewController.m in Sources */ = {isa = PBXBuildFile; fileRef = 099C57A31A965DD40075B4D1 /* UMNStartViewController.m */; };
		09FACD9D1AB6E72000243591 /* PAUBaseObject.m in Sources */ = {isa = PBXBuildFile; fileRef = 09FACD7E1AB6E72000243591 /* PAUBaseObject.m */; };
		09FACD9E1AB6E72000243591 /* PAUChallenge.m in Sources */ = {isa = PBXBuildFile; fileRef = 09FACD801AB6E72000243591 /* PAUChallenge.m */; };
		09FACD9F1AB6E72000243591 /* PAUCollection.m in Sources */ = {isa = PBXBuildFile; fileRef = 09FACD821AB6E72000243591 /* PAUCollection.m */; };
		09FACDA01AB6E72000243591 /* PAUDataProvider.m in Sources */ = {isa = PBXBuildFile; fileRef = 09FACD841AB6E72000243591 /* PAUDataProvider.m */; };
		09FACDA11AB6E72000243591 /* PAUDataProviderManager.m in Sources */ = {isa = PBXBuildFile; fileRef = 09FACD861AB6E72000243591 /* PAUDataProviderManager.m */; };
		09FACDA21AB6E72000243591 /* PAUDataStore.m in Sources */ = {isa = PBXBuildFile; fileRef = 09FACD881AB6E72000243591 /* PAUDataStore.m */; };
		09FACDA31AB6E72000243591 /* PAUDevice.m in Sources */ = {isa = PBXBuildFile; fileRef = 09FACD8A1AB6E72000243591 /* PAUDevice.m */; };
		09FACDA41AB6E72000243591 /* PAUError.m in Sources */ = {isa = PBXBuildFile; fileRef = 09FACD8C1AB6E72000243591 /* PAUError.m */; };
		09FACDA51AB6E72000243591 /* PAUHTTPTask.m in Sources */ = {isa = PBXBuildFile; fileRef = 09FACD8E1AB6E72000243591 /* PAUHTTPTask.m */; };
		09FACDA61AB6E72000243591 /* PAUImageCache.m in Sources */ = {isa = PBXBuildFile; fileRef = 09FACD901AB6E72000243591 /* PAUImageCache.m */; };
		09FACDA71AB6E72000243591 /* PAULogger.m in Sources */ = {isa = PBXBuildFile; fileRef = 09FACD921AB6E72000243591 /* PAULogger.m */; };
		09FACDA81AB6E72000243591 /* PAUSessionTokenCachingStrategy.m in Sources */ = {isa = PBXBuildFile; fileRef = 09FACD941AB6E72000243591 /* PAUSessionTokenCachingStrategy.m */; };
		09FACDA91AB6E72000243591 /* PAUSocialEngine.m in Sources */ = {isa = PBXBuildFile; fileRef = 09FACD961AB6E72000243591 /* PAUSocialEngine.m */; };
		09FACDAA1AB6E72000243591 /* PAUSocialFacebookEngine.m in Sources */ = {isa = PBXBuildFile; fileRef = 09FACD981AB6E72000243591 /* PAUSocialFacebookEngine.m */; };
		09FACDAB1AB6E72000243591 /* PAUUser.m in Sources */ = {isa = PBXBuildFile; fileRef = 09FACD9A1AB6E72000243591 /* PAUUser.m */; };
		09FACDAC1AB6E72000243591 /* PAUUtilities.m in Sources */ = {isa = PBXBuildFile; fileRef = 09FACD9C1AB6E72000243591 /* PAUUtilities.m */; };
/* End PBXBuildFile section */

/* Begin PBXContainerItemProxy section */
		099C578F1A95442E0075B4D1 /* PBXContainerItemProxy */ = {
			isa = PBXContainerItemProxy;
			containerPortal = 099C576D1A95442E0075B4D1 /* Project object */;
			proxyType = 1;
			remoteGlobalIDString = 099C57741A95442E0075B4D1;
			remoteInfo = Uman;
		};
/* End PBXContainerItemProxy section */

/* Begin PBXFileReference section */
		092E4BBC1AB3400400315914 /* UMNGame.h */ = {isa = PBXFileReference; fileEncoding = 4; lastKnownFileType = sourcecode.c.h; path = UMNGame.h; sourceTree = "<group>"; };
		092E4BBD1AB3400400315914 /* UMNGame.m */ = {isa = PBXFileReference; fileEncoding = 4; lastKnownFileType = sourcecode.c.objc; path = UMNGame.m; sourceTree = "<group>"; };
		099C57751A95442E0075B4D1 /* Uman.app */ = {isa = PBXFileReference; explicitFileType = wrapper.application; includeInIndex = 0; path = Uman.app; sourceTree = BUILT_PRODUCTS_DIR; };
		099C57791A95442E0075B4D1 /* Info.plist */ = {isa = PBXFileReference; lastKnownFileType = text.plist.xml; path = Info.plist; sourceTree = "<group>"; };
		099C577A1A95442E0075B4D1 /* main.m */ = {isa = PBXFileReference; lastKnownFileType = sourcecode.c.objc; path = main.m; sourceTree = "<group>"; };
		099C577C1A95442E0075B4D1 /* UMNAppDelegate.h */ = {isa = PBXFileReference; lastKnownFileType = sourcecode.c.h; path = UMNAppDelegate.h; sourceTree = "<group>"; };
		099C577D1A95442E0075B4D1 /* UMNAppDelegate.m */ = {isa = PBXFileReference; lastKnownFileType = sourcecode.c.objc; path = UMNAppDelegate.m; sourceTree = "<group>"; };
		099C577F1A95442E0075B4D1 /* UMNViewController.h */ = {isa = PBXFileReference; lastKnownFileType = sourcecode.c.h; path = UMNViewController.h; sourceTree = "<group>"; };
		099C57801A95442E0075B4D1 /* UMNViewController.m */ = {isa = PBXFileReference; lastKnownFileType = sourcecode.c.objc; path = UMNViewController.m; sourceTree = "<group>"; };
		099C57831A95442E0075B4D1 /* Base */ = {isa = PBXFileReference; lastKnownFileType = file.storyboard; name = Base; path = Base.lproj/Main.storyboard; sourceTree = "<group>"; };
		099C57851A95442E0075B4D1 /* Images.xcassets */ = {isa = PBXFileReference; lastKnownFileType = folder.assetcatalog; path = Images.xcassets; sourceTree = "<group>"; };
		099C57881A95442E0075B4D1 /* Base */ = {isa = PBXFileReference; lastKnownFileType = file.xib; name = Base; path = Base.lproj/LaunchScreen.xib; sourceTree = "<group>"; };
		099C578E1A95442E0075B4D1 /* UmanTests.xctest */ = {isa = PBXFileReference; explicitFileType = wrapper.cfbundle; includeInIndex = 0; path = UmanTests.xctest; sourceTree = BUILT_PRODUCTS_DIR; };
		099C57931A95442E0075B4D1 /* Info.plist */ = {isa = PBXFileReference; lastKnownFileType = text.plist.xml; path = Info.plist; sourceTree = "<group>"; };
		099C57941A95442E0075B4D1 /* UmanTests.m */ = {isa = PBXFileReference; lastKnownFileType = sourcecode.c.objc; path = UmanTests.m; sourceTree = "<group>"; };
		099C57A01A9659FB0075B4D1 /* Images.xcassets */ = {isa = PBXFileReference; lastKnownFileType = folder.assetcatalog; path = Images.xcassets; sourceTree = "<group>"; };
		099C57A21A965DD40075B4D1 /* UMNStartViewController.h */ = {isa = PBXFileReference; fileEncoding = 4; lastKnownFileType = sourcecode.c.h; path = UMNStartViewController.h; sourceTree = "<group>"; };
		099C57A31A965DD40075B4D1 /* UMNStartViewController.m */ = {isa = PBXFileReference; fileEncoding = 4; lastKnownFileType = sourcecode.c.objc; path = UMNStartViewController.m; sourceTree = "<group>"; };
		09FACD7C1AB6E72000243591 /* PAUBackend.h */ = {isa = PBXFileReference; fileEncoding = 4; lastKnownFileType = sourcecode.c.h; path = PAUBackend.h; sourceTree = "<group>"; };
		09FACD7D1AB6E72000243591 /* PAUBaseObject.h */ = {isa = PBXFileReference; fileEncoding = 4; lastKnownFileType = sourcecode.c.h; path = PAUBaseObject.h; sourceTree = "<group>"; };
		09FACD7E1AB6E72000243591 /* PAUBaseObject.m */ = {isa = PBXFileReference; fileEncoding = 4; lastKnownFileType = sourcecode.c.objc; path = PAUBaseObject.m; sourceTree = "<group>"; };
		09FACD7F1AB6E72000243591 /* PAUChallenge.h */ = {isa = PBXFileReference; fileEncoding = 4; lastKnownFileType = sourcecode.c.h; path = PAUChallenge.h; sourceTree = "<group>"; };
		09FACD801AB6E72000243591 /* PAUChallenge.m */ = {isa = PBXFileReference; fileEncoding = 4; lastKnownFileType = sourcecode.c.objc; path = PAUChallenge.m; sourceTree = "<group>"; };
		09FACD811AB6E72000243591 /* PAUCollection.h */ = {isa = PBXFileReference; fileEncoding = 4; lastKnownFileType = sourcecode.c.h; path = PAUCollection.h; sourceTree = "<group>"; };
		09FACD821AB6E72000243591 /* PAUCollection.m */ = {isa = PBXFileReference; fileEncoding = 4; lastKnownFileType = sourcecode.c.objc; path = PAUCollection.m; sourceTree = "<group>"; };
		09FACD831AB6E72000243591 /* PAUDataProvider.h */ = {isa = PBXFileReference; fileEncoding = 4; lastKnownFileType = sourcecode.c.h; path = PAUDataProvider.h; sourceTree = "<group>"; };
		09FACD841AB6E72000243591 /* PAUDataProvider.m */ = {isa = PBXFileReference; fileEncoding = 4; lastKnownFileType = sourcecode.c.objc; path = PAUDataProvider.m; sourceTree = "<group>"; };
		09FACD851AB6E72000243591 /* PAUDataProviderManager.h */ = {isa = PBXFileReference; fileEncoding = 4; lastKnownFileType = sourcecode.c.h; path = PAUDataProviderManager.h; sourceTree = "<group>"; };
		09FACD861AB6E72000243591 /* PAUDataProviderManager.m */ = {isa = PBXFileReference; fileEncoding = 4; lastKnownFileType = sourcecode.c.objc; path = PAUDataProviderManager.m; sourceTree = "<group>"; };
		09FACD871AB6E72000243591 /* PAUDataStore.h */ = {isa = PBXFileReference; fileEncoding = 4; lastKnownFileType = sourcecode.c.h; path = PAUDataStore.h; sourceTree = "<group>"; };
		09FACD881AB6E72000243591 /* PAUDataStore.m */ = {isa = PBXFileReference; fileEncoding = 4; lastKnownFileType = sourcecode.c.objc; path = PAUDataStore.m; sourceTree = "<group>"; };
		09FACD891AB6E72000243591 /* PAUDevice.h */ = {isa = PBXFileReference; fileEncoding = 4; lastKnownFileType = sourcecode.c.h; path = PAUDevice.h; sourceTree = "<group>"; };
		09FACD8A1AB6E72000243591 /* PAUDevice.m */ = {isa = PBXFileReference; fileEncoding = 4; lastKnownFileType = sourcecode.c.objc; path = PAUDevice.m; sourceTree = "<group>"; };
		09FACD8B1AB6E72000243591 /* PAUError.h */ = {isa = PBXFileReference; fileEncoding = 4; lastKnownFileType = sourcecode.c.h; path = PAUError.h; sourceTree = "<group>"; };
		09FACD8C1AB6E72000243591 /* PAUError.m */ = {isa = PBXFileReference; fileEncoding = 4; lastKnownFileType = sourcecode.c.objc; path = PAUError.m; sourceTree = "<group>"; };
		09FACD8D1AB6E72000243591 /* PAUHTTPTask.h */ = {isa = PBXFileReference; fileEncoding = 4; lastKnownFileType = sourcecode.c.h; path = PAUHTTPTask.h; sourceTree = "<group>"; };
		09FACD8E1AB6E72000243591 /* PAUHTTPTask.m */ = {isa = PBXFileReference; fileEncoding = 4; lastKnownFileType = sourcecode.c.objc; path = PAUHTTPTask.m; sourceTree = "<group>"; };
		09FACD8F1AB6E72000243591 /* PAUImageCache.h */ = {isa = PBXFileReference; fileEncoding = 4; lastKnownFileType = sourcecode.c.h; path = PAUImageCache.h; sourceTree = "<group>"; };
		09FACD901AB6E72000243591 /* PAUImageCache.m */ = {isa = PBXFileReference; fileEncoding = 4; lastKnownFileType = sourcecode.c.objc; path = PAUImageCache.m; sourceTree = "<group>"; };
		09FACD911AB6E72000243591 /* PAULogger.h */ = {isa = PBXFileReference; fileEncoding = 4; lastKnownFileType = sourcecode.c.h; path = PAULogger.h; sourceTree = "<group>"; };
		09FACD921AB6E72000243591 /* PAULogger.m */ = {isa = PBXFileReference; fileEncoding = 4; lastKnownFileType = sourcecode.c.objc; path = PAULogger.m; sourceTree = "<group>"; };
		09FACD931AB6E72000243591 /* PAUSessionTokenCachingStrategy.h */ = {isa = PBXFileReference; fileEncoding = 4; lastKnownFileType = sourcecode.c.h; path = PAUSessionTokenCachingStrategy.h; sourceTree = "<group>"; };
		09FACD941AB6E72000243591 /* PAUSessionTokenCachingStrategy.m */ = {isa = PBXFileReference; fileEncoding = 4; lastKnownFileType = sourcecode.c.objc; path = PAUSessionTokenCachingStrategy.m; sourceTree = "<group>"; };
		09FACD951AB6E72000243591 /* PAUSocialEngine.h */ = {isa = PBXFileReference; fileEncoding = 4; lastKnownFileType = sourcecode.c.h; path = PAUSocialEngine.h; sourceTree = "<group>"; };
		09FACD961AB6E72000243591 /* PAUSocialEngine.m */ = {isa = PBXFileReference; fileEncoding = 4; lastKnownFileType = sourcecode.c.objc; path = PAUSocialEngine.m; sourceTree = "<group>"; };
		09FACD971AB6E72000243591 /* PAUSocialFacebookEngine.h */ = {isa = PBXFileReference; fileEncoding = 4; lastKnownFileType = sourcecode.c.h; path = PAUSocialFacebookEngine.h; sourceTree = "<group>"; };
		09FACD981AB6E72000243591 /* PAUSocialFacebookEngine.m */ = {isa = PBXFileReference; fileEncoding = 4; lastKnownFileType = sourcecode.c.objc; path = PAUSocialFacebookEngine.m; sourceTree = "<group>"; };
		09FACD991AB6E72000243591 /* PAUUser.h */ = {isa = PBXFileReference; fileEncoding = 4; lastKnownFileType = sourcecode.c.h; path = PAUUser.h; sourceTree = "<group>"; };
		09FACD9A1AB6E72000243591 /* PAUUser.m */ = {isa = PBXFileReference; fileEncoding = 4; lastKnownFileType = sourcecode.c.objc; path = PAUUser.m; sourceTree = "<group>"; };
		09FACD9B1AB6E72000243591 /* PAUUtilities.h */ = {isa = PBXFileReference; fileEncoding = 4; lastKnownFileType = sourcecode.c.h; path = PAUUtilities.h; sourceTree = "<group>"; };
		09FACD9C1AB6E72000243591 /* PAUUtilities.m */ = {isa = PBXFileReference; fileEncoding = 4; lastKnownFileType = sourcecode.c.objc; path = PAUUtilities.m; sourceTree = "<group>"; };
/* End PBXFileReference section */

/* Begin PBXFrameworksBuildPhase section */
		099C57721A95442E0075B4D1 /* Frameworks */ = {
			isa = PBXFrameworksBuildPhase;
			buildActionMask = 2147483647;
			files = (
			);
			runOnlyForDeploymentPostprocessing = 0;
		};
		099C578B1A95442E0075B4D1 /* Frameworks */ = {
			isa = PBXFrameworksBuildPhase;
			buildActionMask = 2147483647;
			files = (
			);
			runOnlyForDeploymentPostprocessing = 0;
		};
/* End PBXFrameworksBuildPhase section */

/* Begin PBXGroup section */
		092E4BB81AB19AD300315914 /* Model */ = {
			isa = PBXGroup;
			children = (
				092E4BBC1AB3400400315914 /* UMNGame.h */,
				092E4BBD1AB3400400315914 /* UMNGame.m */,
			);
			name = Model;
			sourceTree = "<group>";
		};
		099C576C1A95442E0075B4D1 = {
			isa = PBXGroup;
			children = (
				099C579F1A9659470075B4D1 /* Resources */,
				099C57771A95442E0075B4D1 /* Uman */,
				099C57911A95442E0075B4D1 /* UmanTests */,
				099C57761A95442E0075B4D1 /* Products */,
			);
			sourceTree = "<group>";
		};
		099C57761A95442E0075B4D1 /* Products */ = {
			isa = PBXGroup;
			children = (
				099C57751A95442E0075B4D1 /* Uman.app */,
				099C578E1A95442E0075B4D1 /* UmanTests.xctest */,
			);
			name = Products;
			sourceTree = "<group>";
		};
		099C57771A95442E0075B4D1 /* Uman */ = {
			isa = PBXGroup;
			children = (
				09FACD7B1AB6E70A00243591 /* backend */,
				092E4BB81AB19AD300315914 /* Model */,
				099C577C1A95442E0075B4D1 /* UMNAppDelegate.h */,
				099C577D1A95442E0075B4D1 /* UMNAppDelegate.m */,
				099C577F1A95442E0075B4D1 /* UMNViewController.h */,
				099C57801A95442E0075B4D1 /* UMNViewController.m */,
				099C57821A95442E0075B4D1 /* Main.storyboard */,
				099C57A21A965DD40075B4D1 /* UMNStartViewController.h */,
				099C57A31A965DD40075B4D1 /* UMNStartViewController.m */,
				099C57851A95442E0075B4D1 /* Images.xcassets */,
				099C57871A95442E0075B4D1 /* LaunchScreen.xib */,
				099C57781A95442E0075B4D1 /* Supporting Files */,
			);
			path = Uman;
			sourceTree = "<group>";
		};
		099C57781A95442E0075B4D1 /* Supporting Files */ = {
			isa = PBXGroup;
			children = (
				099C57791A95442E0075B4D1 /* Info.plist */,
				099C577A1A95442E0075B4D1 /* main.m */,
			);
			name = "Supporting Files";
			sourceTree = "<group>";
		};
		099C57911A95442E0075B4D1 /* UmanTests */ = {
			isa = PBXGroup;
			children = (
				099C57941A95442E0075B4D1 /* UmanTests.m */,
				099C57921A95442E0075B4D1 /* Supporting Files */,
			);
			path = UmanTests;
			sourceTree = "<group>";
		};
		099C57921A95442E0075B4D1 /* Supporting Files */ = {
			isa = PBXGroup;
			children = (
				099C57931A95442E0075B4D1 /* Info.plist */,
			);
			name = "Supporting Files";
			sourceTree = "<group>";
		};
		099C579F1A9659470075B4D1 /* Resources */ = {
			isa = PBXGroup;
			children = (
				099C57A01A9659FB0075B4D1 /* Images.xcassets */,
			);
			name = Resources;
			sourceTree = "<group>";
		};
		09FACD7B1AB6E70A00243591 /* backend */ = {
			isa = PBXGroup;
			children = (
				09FACD7C1AB6E72000243591 /* PAUBackend.h */,
				09FACD7D1AB6E72000243591 /* PAUBaseObject.h */,
				09FACD7E1AB6E72000243591 /* PAUBaseObject.m */,
				09FACD7F1AB6E72000243591 /* PAUChallenge.h */,
				09FACD801AB6E72000243591 /* PAUChallenge.m */,
				09FACD811AB6E72000243591 /* PAUCollection.h */,
				09FACD821AB6E72000243591 /* PAUCollection.m */,
				09FACD831AB6E72000243591 /* PAUDataProvider.h */,
				09FACD841AB6E72000243591 /* PAUDataProvider.m */,
				09FACD851AB6E72000243591 /* PAUDataProviderManager.h */,
				09FACD861AB6E72000243591 /* PAUDataProviderManager.m */,
				09FACD871AB6E72000243591 /* PAUDataStore.h */,
				09FACD881AB6E72000243591 /* PAUDataStore.m */,
				09FACD891AB6E72000243591 /* PAUDevice.h */,
				09FACD8A1AB6E72000243591 /* PAUDevice.m */,
				09FACD8B1AB6E72000243591 /* PAUError.h */,
				09FACD8C1AB6E72000243591 /* PAUError.m */,
				09FACD8D1AB6E72000243591 /* PAUHTTPTask.h */,
				09FACD8E1AB6E72000243591 /* PAUHTTPTask.m */,
				09FACD8F1AB6E72000243591 /* PAUImageCache.h */,
				09FACD901AB6E72000243591 /* PAUImageCache.m */,
				09FACD911AB6E72000243591 /* PAULogger.h */,
				09FACD921AB6E72000243591 /* PAULogger.m */,
				09FACD931AB6E72000243591 /* PAUSessionTokenCachingStrategy.h */,
				09FACD941AB6E72000243591 /* PAUSessionTokenCachingStrategy.m */,
				09FACD951AB6E72000243591 /* PAUSocialEngine.h */,
				09FACD961AB6E72000243591 /* PAUSocialEngine.m */,
				09FACD971AB6E72000243591 /* PAUSocialFacebookEngine.h */,
				09FACD981AB6E72000243591 /* PAUSocialFacebookEngine.m */,
				09FACD991AB6E72000243591 /* PAUUser.h */,
				09FACD9A1AB6E72000243591 /* PAUUser.m */,
				09FACD9B1AB6E72000243591 /* PAUUtilities.h */,
				09FACD9C1AB6E72000243591 /* PAUUtilities.m */,
			);
			name = backend;
			sourceTree = "<group>";
		};
/* End PBXGroup section */

/* Begin PBXNativeTarget section */
		099C57741A95442E0075B4D1 /* Uman */ = {
			isa = PBXNativeTarget;
			buildConfigurationList = 099C57981A95442E0075B4D1 /* Build configuration list for PBXNativeTarget "Uman" */;
			buildPhases = (
				099C57711A95442E0075B4D1 /* Sources */,
				099C57721A95442E0075B4D1 /* Frameworks */,
				099C57731A95442E0075B4D1 /* Resources */,
			);
			buildRules = (
			);
			dependencies = (
			);
			name = Uman;
			productName = Uman;
			productReference = 099C57751A95442E0075B4D1 /* Uman.app */;
			productType = "com.apple.product-type.application";
		};
		099C578D1A95442E0075B4D1 /* UmanTests */ = {
			isa = PBXNativeTarget;
			buildConfigurationList = 099C579B1A95442E0075B4D1 /* Build configuration list for PBXNativeTarget "UmanTests" */;
			buildPhases = (
				099C578A1A95442E0075B4D1 /* Sources */,
				099C578B1A95442E0075B4D1 /* Frameworks */,
				099C578C1A95442E0075B4D1 /* Resources */,
			);
			buildRules = (
			);
			dependencies = (
				099C57901A95442E0075B4D1 /* PBXTargetDependency */,
			);
			name = UmanTests;
			productName = UmanTests;
			productReference = 099C578E1A95442E0075B4D1 /* UmanTests.xctest */;
			productType = "com.apple.product-type.bundle.unit-test";
		};
/* End PBXNativeTarget section */

/* Begin PBXProject section */
		099C576D1A95442E0075B4D1 /* Project object */ = {
			isa = PBXProject;
			attributes = {
				LastUpgradeCheck = 0610;
				ORGANIZATIONNAME = "Cyrille Briere";
				TargetAttributes = {
					099C57741A95442E0075B4D1 = {
						CreatedOnToolsVersion = 6.1.1;
						DevelopmentTeam = GF3BVQ746L;
					};
					099C578D1A95442E0075B4D1 = {
						CreatedOnToolsVersion = 6.1.1;
						TestTargetID = 099C57741A95442E0075B4D1;
					};
				};
			};
			buildConfigurationList = 099C57701A95442E0075B4D1 /* Build configuration list for PBXProject "Uman" */;
			compatibilityVersion = "Xcode 3.2";
			developmentRegion = English;
			hasScannedForEncodings = 0;
			knownRegions = (
				en,
				Base,
			);
			mainGroup = 099C576C1A95442E0075B4D1;
			productRefGroup = 099C57761A95442E0075B4D1 /* Products */;
			projectDirPath = "";
			projectRoot = "";
			targets = (
				099C57741A95442E0075B4D1 /* Uman */,
				099C578D1A95442E0075B4D1 /* UmanTests */,
			);
		};
/* End PBXProject section */

/* Begin PBXResourcesBuildPhase section */
		099C57731A95442E0075B4D1 /* Resources */ = {
			isa = PBXResourcesBuildPhase;
			buildActionMask = 2147483647;
			files = (
				099C57841A95442E0075B4D1 /* Main.storyboard in Resources */,
				099C57A11A9659FB0075B4D1 /* Images.xcassets in Resources */,
				099C57891A95442E0075B4D1 /* LaunchScreen.xib in Resources */,
				099C57861A95442E0075B4D1 /* Images.xcassets in Resources */,
			);
			runOnlyForDeploymentPostprocessing = 0;
		};
		099C578C1A95442E0075B4D1 /* Resources */ = {
			isa = PBXResourcesBuildPhase;
			buildActionMask = 2147483647;
			files = (
			);
			runOnlyForDeploymentPostprocessing = 0;
		};
/* End PBXResourcesBuildPhase section */

/* Begin PBXSourcesBuildPhase section */
		099C57711A95442E0075B4D1 /* Sources */ = {
			isa = PBXSourcesBuildPhase;
			buildActionMask = 2147483647;
			files = (
				099C57A41A965DD40075B4D1 /* UMNStartViewController.m in Sources */,
				09FACDA51AB6E72000243591 /* PAUHTTPTask.m in Sources */,
				09FACDA01AB6E72000243591 /* PAUDataProvider.m in Sources */,
				09FACDA91AB6E72000243591 /* PAUSocialEngine.m in Sources */,
				09FACDA81AB6E72000243591 /* PAUSessionTokenCachingStrategy.m in Sources */,
				09FACDAB1AB6E72000243591 /* PAUUser.m in Sources */,
				092E4BBE1AB3400400315914 /* UMNGame.m in Sources */,
				09FACD9D1AB6E72000243591 /* PAUBaseObject.m in Sources */,
				09FACDA31AB6E72000243591 /* PAUDevice.m in Sources */,
				09FACDAA1AB6E72000243591 /* PAUSocialFacebookEngine.m in Sources */,
				09FACD9E1AB6E72000243591 /* PAUChallenge.m in Sources */,
				09FACDAC1AB6E72000243591 /* PAUUtilities.m in Sources */,
				09FACDA11AB6E72000243591 /* PAUDataProviderManager.m in Sources */,
				09FACDA41AB6E72000243591 /* PAUError.m in Sources */,
				09FACD9F1AB6E72000243591 /* PAUCollection.m in Sources */,
				09FACDA21AB6E72000243591 /* PAUDataStore.m in Sources */,
				099C57811A95442E0075B4D1 /* UMNViewController.m in Sources */,
				09FACDA71AB6E72000243591 /* PAULogger.m in Sources */,
				09FACDA61AB6E72000243591 /* PAUImageCache.m in Sources */,
				099C577E1A95442E0075B4D1 /* UMNAppDelegate.m in Sources */,
				099C577B1A95442E0075B4D1 /* main.m in Sources */,
			);
			runOnlyForDeploymentPostprocessing = 0;
		};
		099C578A1A95442E0075B4D1 /* Sources */ = {
			isa = PBXSourcesBuildPhase;
			buildActionMask = 2147483647;
			files = (
				099C57951A95442E0075B4D1 /* UmanTests.m in Sources */,
			);
			runOnlyForDeploymentPostprocessing = 0;
		};
/* End PBXSourcesBuildPhase section */

/* Begin PBXTargetDependency section */
		099C57901A95442E0075B4D1 /* PBXTargetDependency */ = {
			isa = PBXTargetDependency;
			target = 099C57741A95442E0075B4D1 /* Uman */;
			targetProxy = 099C578F1A95442E0075B4D1 /* PBXContainerItemProxy */;
		};
/* End PBXTargetDependency section */

/* Begin PBXVariantGroup section */
		099C57821A95442E0075B4D1 /* Main.storyboard */ = {
			isa = PBXVariantGroup;
			children = (
				099C57831A95442E0075B4D1 /* Base */,
			);
			name = Main.storyboard;
			sourceTree = "<group>";
		};
		099C57871A95442E0075B4D1 /* LaunchScreen.xib */ = {
			isa = PBXVariantGroup;
			children = (
				099C57881A95442E0075B4D1 /* Base */,
			);
			name = LaunchScreen.xib;
			sourceTree = "<group>";
		};
/* End PBXVariantGroup section */

/* Begin XCBuildConfiguration section */
		099C57961A95442E0075B4D1 /* Debug */ = {
			isa = XCBuildConfiguration;
			buildSettings = {
				ALWAYS_SEARCH_USER_PATHS = NO;
				CLANG_CXX_LANGUAGE_STANDARD = "gnu++0x";
				CLANG_CXX_LIBRARY = "libc++";
				CLANG_ENABLE_MODULES = YES;
				CLANG_ENABLE_OBJC_ARC = YES;
				CLANG_WARN_BOOL_CONVERSION = YES;
				CLANG_WARN_CONSTANT_CONVERSION = YES;
				CLANG_WARN_DIRECT_OBJC_ISA_USAGE = YES_ERROR;
				CLANG_WARN_EMPTY_BODY = YES;
				CLANG_WARN_ENUM_CONVERSION = YES;
				CLANG_WARN_INT_CONVERSION = YES;
				CLANG_WARN_OBJC_ROOT_CLASS = YES_ERROR;
				CLANG_WARN_UNREACHABLE_CODE = YES;
				CLANG_WARN__DUPLICATE_METHOD_MATCH = YES;
				"CODE_SIGN_IDENTITY[sdk=iphoneos*]" = "iPhone Developer";
				COPY_PHASE_STRIP = NO;
				ENABLE_STRICT_OBJC_MSGSEND = YES;
				GCC_C_LANGUAGE_STANDARD = gnu99;
				GCC_DYNAMIC_NO_PIC = NO;
				GCC_OPTIMIZATION_LEVEL = 0;
				GCC_PREPROCESSOR_DEFINITIONS = (
					"DEBUG=1",
					"$(inherited)",
				);
				GCC_SYMBOLS_PRIVATE_EXTERN = NO;
				GCC_WARN_64_TO_32_BIT_CONVERSION = YES;
				GCC_WARN_ABOUT_RETURN_TYPE = YES_ERROR;
				GCC_WARN_UNDECLARED_SELECTOR = YES;
				GCC_WARN_UNINITIALIZED_AUTOS = YES_AGGRESSIVE;
				GCC_WARN_UNUSED_FUNCTION = YES;
				GCC_WARN_UNUSED_VARIABLE = YES;
				IPHONEOS_DEPLOYMENT_TARGET = 8.1;
				MTL_ENABLE_DEBUG_INFO = YES;
				ONLY_ACTIVE_ARCH = YES;
				SDKROOT = iphoneos;
			};
			name = Debug;
		};
		099C57971A95442E0075B4D1 /* Release */ = {
			isa = XCBuildConfiguration;
			buildSettings = {
				ALWAYS_SEARCH_USER_PATHS = NO;
				CLANG_CXX_LANGUAGE_STANDARD = "gnu++0x";
				CLANG_CXX_LIBRARY = "libc++";
				CLANG_ENABLE_MODULES = YES;
				CLANG_ENABLE_OBJC_ARC = YES;
				CLANG_WARN_BOOL_CONVERSION = YES;
				CLANG_WARN_CONSTANT_CONVERSION = YES;
				CLANG_WARN_DIRECT_OBJC_ISA_USAGE = YES_ERROR;
				CLANG_WARN_EMPTY_BODY = YES;
				CLANG_WARN_ENUM_CONVERSION = YES;
				CLANG_WARN_INT_CONVERSION = YES;
				CLANG_WARN_OBJC_ROOT_CLASS = YES_ERROR;
				CLANG_WARN_UNREACHABLE_CODE = YES;
				CLANG_WARN__DUPLICATE_METHOD_MATCH = YES;
				"CODE_SIGN_IDENTITY[sdk=iphoneos*]" = "iPhone Developer";
				COPY_PHASE_STRIP = YES;
				ENABLE_NS_ASSERTIONS = NO;
				ENABLE_STRICT_OBJC_MSGSEND = YES;
				GCC_C_LANGUAGE_STANDARD = gnu99;
				GCC_WARN_64_TO_32_BIT_CONVERSION = YES;
				GCC_WARN_ABOUT_RETURN_TYPE = YES_ERROR;
				GCC_WARN_UNDECLARED_SELECTOR = YES;
				GCC_WARN_UNINITIALIZED_AUTOS = YES_AGGRESSIVE;
				GCC_WARN_UNUSED_FUNCTION = YES;
				GCC_WARN_UNUSED_VARIABLE = YES;
				IPHONEOS_DEPLOYMENT_TARGET = 8.1;
				MTL_ENABLE_DEBUG_INFO = NO;
				SDKROOT = iphoneos;
				VALIDATE_PRODUCT = YES;
			};
			name = Release;
		};
		099C57991A95442E0075B4D1 /* Debug */ = {
			isa = XCBuildConfiguration;
			buildSettings = {
				ASSETCATALOG_COMPILER_APPICON_NAME = AppIcon;
				CODE_SIGN_IDENTITY = "iPhone Developer";
				INFOPLIST_FILE = Uman/Info.plist;
				LD_RUNPATH_SEARCH_PATHS = "$(inherited) @executable_path/Frameworks";
				PRODUCT_NAME = "$(TARGET_NAME)";
				TARGETED_DEVICE_FAMILY = 1;
			};
			name = Debug;
		};
		099C579A1A95442E0075B4D1 /* Release */ = {
			isa = XCBuildConfiguration;
			buildSettings = {
				ASSETCATALOG_COMPILER_APPICON_NAME = AppIcon;
				CODE_SIGN_IDENTITY = "iPhone Developer";
				INFOPLIST_FILE = Uman/Info.plist;
				LD_RUNPATH_SEARCH_PATHS = "$(inherited) @executable_path/Frameworks";
				PRODUCT_NAME = "$(TARGET_NAME)";
				TARGETED_DEVICE_FAMILY = 1;
			};
			name = Release;
		};
		099C579C1A95442E0075B4D1 /* Debug */ = {
			isa = XCBuildConfiguration;
			buildSettings = {
				BUNDLE_LOADER = "$(TEST_HOST)";
				FRAMEWORK_SEARCH_PATHS = (
					"$(SDKROOT)/Developer/Library/Frameworks",
					"$(inherited)",
				);
				GCC_PREPROCESSOR_DEFINITIONS = (
					"DEBUG=1",
					"$(inherited)",
				);
				INFOPLIST_FILE = UmanTests/Info.plist;
				LD_RUNPATH_SEARCH_PATHS = "$(inherited) @executable_path/Frameworks @loader_path/Frameworks";
				PRODUCT_NAME = "$(TARGET_NAME)";
				TEST_HOST = "$(BUILT_PRODUCTS_DIR)/Uman.app/Uman";
			};
			name = Debug;
		};
		099C579D1A95442E0075B4D1 /* Release */ = {
			isa = XCBuildConfiguration;
			buildSettings = {
				BUNDLE_LOADER = "$(TEST_HOST)";
				FRAMEWORK_SEARCH_PATHS = (
					"$(SDKROOT)/Developer/Library/Frameworks",
					"$(inherited)",
				);
				INFOPLIST_FILE = UmanTests/Info.plist;
				LD_RUNPATH_SEARCH_PATHS = "$(inherited) @executable_path/Frameworks @loader_path/Frameworks";
				PRODUCT_NAME = "$(TARGET_NAME)";
				TEST_HOST = "$(BUILT_PRODUCTS_DIR)/Uman.app/Uman";
			};
			name = Release;
		};
/* End XCBuildConfiguration section */

/* Begin XCConfigurationList section */
		099C57701A95442E0075B4D1 /* Build configuration list for PBXProject "Uman" */ = {
			isa = XCConfigurationList;
			buildConfigurations = (
				099C57961A95442E0075B4D1 /* Debug */,
				099C57971A95442E0075B4D1 /* Release */,
			);
			defaultConfigurationIsVisible = 0;
			defaultConfigurationName = Release;
		};
		099C57981A95442E0075B4D1 /* Build configuration list for PBXNativeTarget "Uman" */ = {
			isa = XCConfigurationList;
			buildConfigurations = (
				099C57991A95442E0075B4D1 /* Debug */,
				099C579A1A95442E0075B4D1 /* Release */,
			);
			defaultConfigurationIsVisible = 0;
			defaultConfigurationName = Release;
		};
		099C579B1A95442E0075B4D1 /* Build configuration list for PBXNativeTarget "UmanTests" */ = {
			isa = XCConfigurationList;
			buildConfigurations = (
				099C579C1A95442E0075B4D1 /* Debug */,
				099C579D1A95442E0075B4D1 /* Release */,
			);
			defaultConfigurationIsVisible = 0;
			defaultConfigurationName = Release;
		};
/* End XCConfigurationList section */
	};
	rootObject = 099C576D1A95442E0075B4D1 /* Project object */;
}
